
Microsoft Visual Studio Solution File, Format Version 12.00
# Visual Studio Version 16
VisualStudioVersion = 16.0.29009.5
MinimumVisualStudioVersion = 10.0.40219.1
Project("{9A19103F-16F7-4668-BE54-9A1E7A4F7556}") = "PoESkillTree.Engine.Utils", "PoESkillTree.Engine.Utils\PoESkillTree.Engine.Utils.csproj", "{71C549C1-3A43-450E-BC07-F2220525C032}"
EndProject
Project("{9A19103F-16F7-4668-BE54-9A1E7A4F7556}") = "PoESkillTree.Engine.GameModel", "PoESkillTree.Engine.GameModel\PoESkillTree.Engine.GameModel.csproj", "{499DDE75-4A24-42E3-A1F3-01A7E896567C}"
EndProject
Project("{9A19103F-16F7-4668-BE54-9A1E7A4F7556}") = "PoESkillTree.Engine.Computation.Common", "PoESkillTree.Engine.Computation.Common\PoESkillTree.Engine.Computation.Common.csproj", "{3F0DEFF7-B468-4FCA-8490-A9DAD0A21CFC}"
EndProject
Project("{9A19103F-16F7-4668-BE54-9A1E7A4F7556}") = "PoESkillTree.Engine.Computation.Builders", "PoESkillTree.Engine.Computation.Builders\PoESkillTree.Engine.Computation.Builders.csproj", "{4949EE9E-5A1F-4779-BF02-340E49CEDF58}"
EndProject
Project("{9A19103F-16F7-4668-BE54-9A1E7A4F7556}") = "PoESkillTree.Engine.Computation.Core", "PoESkillTree.Engine.Computation.Core\PoESkillTree.Engine.Computation.Core.csproj", "{2B504019-E0CA-489A-9EB9-548E9BD35345}"
EndProject
Project("{9A19103F-16F7-4668-BE54-9A1E7A4F7556}") = "PoESkillTree.Engine.Computation.Data", "PoESkillTree.Engine.Computation.Data\PoESkillTree.Engine.Computation.Data.csproj", "{15DC42FF-D2DD-4249-8B31-B92C762EA28C}"
EndProject
Project("{9A19103F-16F7-4668-BE54-9A1E7A4F7556}") = "PoESkillTree.Engine.Computation.Parsing", "PoESkillTree.Engine.Computation.Parsing\PoESkillTree.Engine.Computation.Parsing.csproj", "{F0A89382-4D41-4AE8-912D-0FC24889B6EE}"
EndProject
Project("{9A19103F-16F7-4668-BE54-9A1E7A4F7556}") = "PoESkillTree.Engine.Computation.Console", "PoESkillTree.Engine.Computation.Console\PoESkillTree.Engine.Computation.Console.csproj", "{C0F053DD-DC2D-4908-95E9-A2BDB83B4FAC}"
EndProject
Project("{9A19103F-16F7-4668-BE54-9A1E7A4F7556}") = "PoESkillTree.Engine.GameModel.Tests", "PoESkillTree.Engine.GameModel.Tests\PoESkillTree.Engine.GameModel.Tests.csproj", "{C7FAE19C-801F-475F-8AB6-226BE46ADEFA}"
EndProject
Project("{9A19103F-16F7-4668-BE54-9A1E7A4F7556}") = "PoESkillTree.Engine.Computation.Common.Tests", "PoESkillTree.Engine.Computation.Common.Tests\PoESkillTree.Engine.Computation.Common.Tests.csproj", "{0AE730D6-ECCE-4DE3-9B1E-B57C1DDAF253}"
EndProject
Project("{9A19103F-16F7-4668-BE54-9A1E7A4F7556}") = "PoESkillTree.Engine.Computation.Builders.Tests", "PoESkillTree.Engine.Computation.Builders.Tests\PoESkillTree.Engine.Computation.Builders.Tests.csproj", "{8FF2C979-6600-4D32-8B59-AF1CB5212684}"
EndProject
Project("{9A19103F-16F7-4668-BE54-9A1E7A4F7556}") = "PoESkillTree.Engine.Computation.Core.Tests", "PoESkillTree.Engine.Computation.Core.Tests\PoESkillTree.Engine.Computation.Core.Tests.csproj", "{EB6C7D18-6622-47B3-B6A4-4544005A2084}"
EndProject
Project("{9A19103F-16F7-4668-BE54-9A1E7A4F7556}") = "PoESkillTree.Engine.Computation.Parsing.Tests", "PoESkillTree.Engine.Computation.Parsing.Tests\PoESkillTree.Engine.Computation.Parsing.Tests.csproj", "{4D4E2A65-AB2F-4D4A-9DC5-AC8FF9FF9D55}"
EndProject
Project("{9A19103F-16F7-4668-BE54-9A1E7A4F7556}") = "PoESkillTree.Engine.Computation.Data.Tests", "PoESkillTree.Engine.Computation.Data.Tests\PoESkillTree.Engine.Computation.Data.Tests.csproj", "{68BE0790-2E3C-4197-A364-C46F3A4DB8B1}"
EndProject
Project("{9A19103F-16F7-4668-BE54-9A1E7A4F7556}") = "PoESkillTree.Engine.Computation.IntegrationTests", "PoESkillTree.Engine.Computation.IntegrationTests\PoESkillTree.Engine.Computation.IntegrationTests.csproj", "{52FE495D-BD8F-41D2-BCB3-B3555680E35C}"
EndProject
Global
	GlobalSection(SolutionConfigurationPlatforms) = preSolution
		Debug|Any CPU = Debug|Any CPU
		Release|Any CPU = Release|Any CPU
	EndGlobalSection
	GlobalSection(ProjectConfigurationPlatforms) = postSolution
		{71C549C1-3A43-450E-BC07-F2220525C032}.Debug|Any CPU.ActiveCfg = Debug|Any CPU
		{71C549C1-3A43-450E-BC07-F2220525C032}.Debug|Any CPU.Build.0 = Debug|Any CPU
		{71C549C1-3A43-450E-BC07-F2220525C032}.Release|Any CPU.ActiveCfg = Release|Any CPU
		{71C549C1-3A43-450E-BC07-F2220525C032}.Release|Any CPU.Build.0 = Release|Any CPU
		{499DDE75-4A24-42E3-A1F3-01A7E896567C}.Debug|Any CPU.ActiveCfg = Debug|Any CPU
		{499DDE75-4A24-42E3-A1F3-01A7E896567C}.Debug|Any CPU.Build.0 = Debug|Any CPU
		{499DDE75-4A24-42E3-A1F3-01A7E896567C}.Release|Any CPU.ActiveCfg = Release|Any CPU
		{499DDE75-4A24-42E3-A1F3-01A7E896567C}.Release|Any CPU.Build.0 = Release|Any CPU
		{3F0DEFF7-B468-4FCA-8490-A9DAD0A21CFC}.Debug|Any CPU.ActiveCfg = Debug|Any CPU
		{3F0DEFF7-B468-4FCA-8490-A9DAD0A21CFC}.Debug|Any CPU.Build.0 = Debug|Any CPU
		{3F0DEFF7-B468-4FCA-8490-A9DAD0A21CFC}.Release|Any CPU.ActiveCfg = Release|Any CPU
		{3F0DEFF7-B468-4FCA-8490-A9DAD0A21CFC}.Release|Any CPU.Build.0 = Release|Any CPU
		{4949EE9E-5A1F-4779-BF02-340E49CEDF58}.Debug|Any CPU.ActiveCfg = Debug|Any CPU
		{4949EE9E-5A1F-4779-BF02-340E49CEDF58}.Debug|Any CPU.Build.0 = Debug|Any CPU
		{4949EE9E-5A1F-4779-BF02-340E49CEDF58}.Release|Any CPU.ActiveCfg = Release|Any CPU
		{4949EE9E-5A1F-4779-BF02-340E49CEDF58}.Release|Any CPU.Build.0 = Release|Any CPU
		{2B504019-E0CA-489A-9EB9-548E9BD35345}.Debug|Any CPU.ActiveCfg = Debug|Any CPU
		{2B504019-E0CA-489A-9EB9-548E9BD35345}.Debug|Any CPU.Build.0 = Debug|Any CPU
		{2B504019-E0CA-489A-9EB9-548E9BD35345}.Release|Any CPU.ActiveCfg = Release|Any CPU
		{2B504019-E0CA-489A-9EB9-548E9BD35345}.Release|Any CPU.Build.0 = Release|Any CPU
		{15DC42FF-D2DD-4249-8B31-B92C762EA28C}.Debug|Any CPU.ActiveCfg = Debug|Any CPU
		{15DC42FF-D2DD-4249-8B31-B92C762EA28C}.Debug|Any CPU.Build.0 = Debug|Any CPU
		{15DC42FF-D2DD-4249-8B31-B92C762EA28C}.Release|Any CPU.ActiveCfg = Release|Any CPU
		{15DC42FF-D2DD-4249-8B31-B92C762EA28C}.Release|Any CPU.Build.0 = Release|Any CPU
		{F0A89382-4D41-4AE8-912D-0FC24889B6EE}.Debug|Any CPU.ActiveCfg = Debug|Any CPU
		{F0A89382-4D41-4AE8-912D-0FC24889B6EE}.Debug|Any CPU.Build.0 = Debug|Any CPU
		{F0A89382-4D41-4AE8-912D-0FC24889B6EE}.Release|Any CPU.ActiveCfg = Release|Any CPU
		{F0A89382-4D41-4AE8-912D-0FC24889B6EE}.Release|Any CPU.Build.0 = Release|Any CPU
		{C0F053DD-DC2D-4908-95E9-A2BDB83B4FAC}.Debug|Any CPU.ActiveCfg = Debug|Any CPU
		{C0F053DD-DC2D-4908-95E9-A2BDB83B4FAC}.Debug|Any CPU.Build.0 = Debug|Any CPU
		{C0F053DD-DC2D-4908-95E9-A2BDB83B4FAC}.Release|Any CPU.ActiveCfg = Release|Any CPU
		{C0F053DD-DC2D-4908-95E9-A2BDB83B4FAC}.Release|Any CPU.Build.0 = Release|Any CPU
		{C7FAE19C-801F-475F-8AB6-226BE46ADEFA}.Debug|Any CPU.ActiveCfg = Debug|Any CPU
		{C7FAE19C-801F-475F-8AB6-226BE46ADEFA}.Debug|Any CPU.Build.0 = Debug|Any CPU
		{C7FAE19C-801F-475F-8AB6-226BE46ADEFA}.Release|Any CPU.ActiveCfg = Release|Any CPU
		{C7FAE19C-801F-475F-8AB6-226BE46ADEFA}.Release|Any CPU.Build.0 = Release|Any CPU
		{0AE730D6-ECCE-4DE3-9B1E-B57C1DDAF253}.Debug|Any CPU.ActiveCfg = Debug|Any CPU
		{0AE730D6-ECCE-4DE3-9B1E-B57C1DDAF253}.Debug|Any CPU.Build.0 = Debug|Any CPU
		{0AE730D6-ECCE-4DE3-9B1E-B57C1DDAF253}.Release|Any CPU.ActiveCfg = Release|Any CPU
		{0AE730D6-ECCE-4DE3-9B1E-B57C1DDAF253}.Release|Any CPU.Build.0 = Release|Any CPU
		{8FF2C979-6600-4D32-8B59-AF1CB5212684}.Debug|Any CPU.ActiveCfg = Debug|Any CPU
		{8FF2C979-6600-4D32-8B59-AF1CB5212684}.Debug|Any CPU.Build.0 = Debug|Any CPU
		{8FF2C979-6600-4D32-8B59-AF1CB5212684}.Release|Any CPU.ActiveCfg = Release|Any CPU
		{8FF2C979-6600-4D32-8B59-AF1CB5212684}.Release|Any CPU.Build.0 = Release|Any CPU
		{EB6C7D18-6622-47B3-B6A4-4544005A2084}.Debug|Any CPU.ActiveCfg = Debug|Any CPU
		{EB6C7D18-6622-47B3-B6A4-4544005A2084}.Debug|Any CPU.Build.0 = Debug|Any CPU
		{EB6C7D18-6622-47B3-B6A4-4544005A2084}.Release|Any CPU.ActiveCfg = Release|Any CPU
		{EB6C7D18-6622-47B3-B6A4-4544005A2084}.Release|Any CPU.Build.0 = Release|Any CPU
		{4D4E2A65-AB2F-4D4A-9DC5-AC8FF9FF9D55}.Debug|Any CPU.ActiveCfg = Debug|Any CPU
		{4D4E2A65-AB2F-4D4A-9DC5-AC8FF9FF9D55}.Debug|Any CPU.Build.0 = Debug|Any CPU
		{4D4E2A65-AB2F-4D4A-9DC5-AC8FF9FF9D55}.Release|Any CPU.ActiveCfg = Release|Any CPU
		{4D4E2A65-AB2F-4D4A-9DC5-AC8FF9FF9D55}.Release|Any CPU.Build.0 = Release|Any CPU
		{68BE0790-2E3C-4197-A364-C46F3A4DB8B1}.Debug|Any CPU.ActiveCfg = Debug|Any CPU
		{68BE0790-2E3C-4197-A364-C46F3A4DB8B1}.Debug|Any CPU.Build.0 = Debug|Any CPU
		{68BE0790-2E3C-4197-A364-C46F3A4DB8B1}.Release|Any CPU.ActiveCfg = Release|Any CPU
		{68BE0790-2E3C-4197-A364-C46F3A4DB8B1}.Release|Any CPU.Build.0 = Release|Any CPU
		{52FE495D-BD8F-41D2-BCB3-B3555680E35C}.Debug|Any CPU.ActiveCfg = Debug|Any CPU
		{52FE495D-BD8F-41D2-BCB3-B3555680E35C}.Debug|Any CPU.Build.0 = Debug|Any CPU
		{52FE495D-BD8F-41D2-BCB3-B3555680E35C}.Release|Any CPU.ActiveCfg = Release|Any CPU
		{52FE495D-BD8F-41D2-BCB3-B3555680E35C}.Release|Any CPU.Build.0 = Release|Any CPU
	EndGlobalSection
	GlobalSection(SolutionProperties) = preSolution
		HideSolutionNode = FALSE
	EndGlobalSection
	GlobalSection(ExtensibilityGlobals) = postSolution
		SolutionGuid = {E3ADC47A-69C8-44CA-BFA7-485EC7378077}
	EndGlobalSection
EndGlobal
